// !$*UTF8*$!
{
	archiveVersion = 1;
	classes = {
	};
	objectVersion = 77;
	objects = {

/* Begin PBXContainerItemProxy section */
		2B4423262E5ECDB000C593FD /* PBXContainerItemProxy */ = {
			isa = PBXContainerItemProxy;
			containerPortal = 2B4423102E5ECDAE00C593FD /* Project object */;
			proxyType = 1;
			remoteGlobalIDString = 2B4423172E5ECDAE00C593FD;
			remoteInfo = AirbnbTutorial;
		};
		2B4423302E5ECDB000C593FD /* PBXContainerItemProxy */ = {
			isa = PBXContainerItemProxy;
			containerPortal = 2B4423102E5ECDAE00C593FD /* Project object */;
			proxyType = 1;
			remoteGlobalIDString = 2B4423172E5ECDAE00C593FD;
			remoteInfo = AirbnbTutorial;
		};
/* End PBXContainerItemProxy section */

/* Begin PBXFileReference section */
		2B4423182E5ECDAE00C593FD /* AirbnbTutorial.app */ = {isa = PBXFileReference; explicitFileType = wrapper.application; includeInIndex = 0; path = AirbnbTutorial.app; sourceTree = BUILT_PRODUCTS_DIR; };
		2B4423252E5ECDB000C593FD /* AirbnbTutorialTests.xctest */ = {isa = PBXFileReference; explicitFileType = wrapper.cfbundle; includeInIndex = 0; path = AirbnbTutorialTests.xctest; sourceTree = BUILT_PRODUCTS_DIR; };
		2B44232F2E5ECDB000C593FD /* AirbnbTutorialUITests.xctest */ = {isa = PBXFileReference; explicitFileType = wrapper.cfbundle; includeInIndex = 0; path = AirbnbTutorialUITests.xctest; sourceTree = BUILT_PRODUCTS_DIR; };
/* End PBXFileReference section */

/* Begin PBXFileSystemSynchronizedRootGroup section */
		2B44231A2E5ECDAE00C593FD /* AirbnbTutorial */ = {
			isa = PBXFileSystemSynchronizedRootGroup;
			path = AirbnbTutorial;
			sourceTree = "<group>";
		};
		2B4423282E5ECDB000C593FD /* AirbnbTutorialTests */ = {
			isa = PBXFileSystemSynchronizedRootGroup;
			path = AirbnbTutorialTests;
			sourceTree = "<group>";
		};
		2B4423322E5ECDB000C593FD /* AirbnbTutorialUITests */ = {
			isa = PBXFileSystemSynchronizedRootGroup;
			path = AirbnbTutorialUITests;
			sourceTree = "<group>";
		};
/* End PBXFileSystemSynchronizedRootGroup section */

/* Begin PBXFrameworksBuildPhase section */
		2B4423152E5ECDAE00C593FD /* Frameworks */ = {
			isa = PBXFrameworksBuildPhase;
			buildActionMask = 2147483647;
			files = (
			);
			runOnlyForDeploymentPostprocessing = 0;
		};
		2B4423222E5ECDB000C593FD /* Frameworks */ = {
			isa = PBXFrameworksBuildPhase;
			buildActionMask = 2147483647;
			files = (
			);
			runOnlyForDeploymentPostprocessing = 0;
		};
		2B44232C2E5ECDB000C593FD /* Frameworks */ = {
			isa = PBXFrameworksBuildPhase;
			buildActionMask = 2147483647;
			files = (
			);
			runOnlyForDeploymentPostprocessing = 0;
		};
/* End PBXFrameworksBuildPhase section */

/* Begin PBXGroup section */
		2B44230F2E5ECDAE00C593FD = {
			isa = PBXGroup;
			children = (
				2B44231A2E5ECDAE00C593FD /* AirbnbTutorial */,
				2B4423282E5ECDB000C593FD /* AirbnbTutorialTests */,
				2B4423322E5ECDB000C593FD /* AirbnbTutorialUITests */,
				2B4423192E5ECDAE00C593FD /* Products */,
			);
			sourceTree = "<group>";
		};
		2B4423192E5ECDAE00C593FD /* Products */ = {
			isa = PBXGroup;
			children = (
				2B4423182E5ECDAE00C593FD /* AirbnbTutorial.app */,
				2B4423252E5ECDB000C593FD /* AirbnbTutorialTests.xctest */,
				2B44232F2E5ECDB000C593FD /* AirbnbTutorialUITests.xctest */,
			);
			name = Products;
			sourceTree = "<group>";
		};
/* End PBXGroup section */

/* Begin PBXNativeTarget section */
		2B4423172E5ECDAE00C593FD /* AirbnbTutorial */ = {
			isa = PBXNativeTarget;
			buildConfigurationList = 2B4423392E5ECDB000C593FD /* Build configuration list for PBXNativeTarget "AirbnbTutorial" */;
			buildPhases = (
				2B4423142E5ECDAE00C593FD /* Sources */,
				2B4423152E5ECDAE00C593FD /* Frameworks */,
				2B4423162E5ECDAE00C593FD /* Resources */,
			);
			buildRules = (
			);
			dependencies = (
			);
			fileSystemSynchronizedGroups = (
				2B44231A2E5ECDAE00C593FD /* AirbnbTutorial */,
			);
			name = AirbnbTutorial;
			packageProductDependencies = (
			);
			productName = AirbnbTutorial;
			productReference = 2B4423182E5ECDAE00C593FD /* AirbnbTutorial.app */;
			productType = "com.apple.product-type.application";
		};
		2B4423242E5ECDB000C593FD /* AirbnbTutorialTests */ = {
			isa = PBXNativeTarget;
			buildConfigurationList = 2B44233C2E5ECDB000C593FD /* Build configuration list for PBXNativeTarget "AirbnbTutorialTests" */;
			buildPhases = (
				2B4423212E5ECDB000C593FD /* Sources */,
				2B4423222E5ECDB000C593FD /* Frameworks */,
				2B4423232E5ECDB000C593FD /* Resources */,
			);
			buildRules = (
			);
			dependencies = (
				2B4423272E5ECDB000C593FD /* PBXTargetDependency */,
			);
			fileSystemSynchronizedGroups = (
				2B4423282E5ECDB000C593FD /* AirbnbTutorialTests */,
			);
			name = AirbnbTutorialTests;
			packageProductDependencies = (
			);
			productName = AirbnbTutorialTests;
			productReference = 2B4423252E5ECDB000C593FD /* AirbnbTutorialTests.xctest */;
			productType = "com.apple.product-type.bundle.unit-test";
		};
		2B44232E2E5ECDB000C593FD /* AirbnbTutorialUITests */ = {
			isa = PBXNativeTarget;
			buildConfigurationList = 2B44233F2E5ECDB000C593FD /* Build configuration list for PBXNativeTarget "AirbnbTutorialUITests" */;
			buildPhases = (
				2B44232B2E5ECDB000C593FD /* Sources */,
				2B44232C2E5ECDB000C593FD /* Frameworks */,
				2B44232D2E5ECDB000C593FD /* Resources */,
			);
			buildRules = (
			);
			dependencies = (
				2B4423312E5ECDB000C593FD /* PBXTargetDependency */,
			);
			fileSystemSynchronizedGroups = (
				2B4423322E5ECDB000C593FD /* AirbnbTutorialUITests */,
			);
			name = AirbnbTutorialUITests;
			packageProductDependencies = (
			);
			productName = AirbnbTutorialUITests;
			productReference = 2B44232F2E5ECDB000C593FD /* AirbnbTutorialUITests.xctest */;
			productType = "com.apple.product-type.bundle.ui-testing";
		};
/* End PBXNativeTarget section */

/* Begin PBXProject section */
		2B4423102E5ECDAE00C593FD /* Project object */ = {
			isa = PBXProject;
			attributes = {
				BuildIndependentTargetsInParallel = 1;
				LastSwiftUpdateCheck = 1630;
				LastUpgradeCheck = 1630;
				TargetAttributes = {
					2B4423172E5ECDAE00C593FD = {
						CreatedOnToolsVersion = 16.3;
					};
					2B4423242E5ECDB000C593FD = {
						CreatedOnToolsVersion = 16.3;
						TestTargetID = 2B4423172E5ECDAE00C593FD;
					};
					2B44232E2E5ECDB000C593FD = {
						CreatedOnToolsVersion = 16.3;
						TestTargetID = 2B4423172E5ECDAE00C593FD;
					};
				};
			};
			buildConfigurationList = 2B4423132E5ECDAE00C593FD /* Build configuration list for PBXProject "AirbnbTutorial" */;
			developmentRegion = en;
			hasScannedForEncodings = 0;
			knownRegions = (
				en,
				Base,
			);
			mainGroup = 2B44230F2E5ECDAE00C593FD;
			minimizedProjectReferenceProxies = 1;
			preferredProjectObjectVersion = 77;
			productRefGroup = 2B4423192E5ECDAE00C593FD /* Products */;
			projectDirPath = "";
			projectRoot = "";
			targets = (
				2B4423172E5ECDAE00C593FD /* AirbnbTutorial */,
				2B4423242E5ECDB000C593FD /* AirbnbTutorialTests */,
				2B44232E2E5ECDB000C593FD /* AirbnbTutorialUITests */,
			);
		};
/* End PBXProject section */

/* Begin PBXResourcesBuildPhase section */
		2B4423162E5ECDAE00C593FD /* Resources */ = {
			isa = PBXResourcesBuildPhase;
			buildActionMask = 2147483647;
			files = (
			);
			runOnlyForDeploymentPostprocessing = 0;
		};
		2B4423232E5ECDB000C593FD /* Resources */ = {
			isa = PBXResourcesBuildPhase;
			buildActionMask = 2147483647;
			files = (
			);
			runOnlyForDeploymentPostprocessing = 0;
		};
		2B44232D2E5ECDB000C593FD /* Resources */ = {
			isa = PBXResourcesBuildPhase;
			buildActionMask = 2147483647;
			files = (
			);
			runOnlyForDeploymentPostprocessing = 0;
		};
/* End PBXResourcesBuildPhase section */

/* Begin PBXSourcesBuildPhase section */
		2B4423142E5ECDAE00C593FD /* Sources */ = {
			isa = PBXSourcesBuildPhase;
			buildActionMask = 2147483647;
			files = (
			);
			runOnlyForDeploymentPostprocessing = 0;
		};
		2B4423212E5ECDB000C593FD /* Sources */ = {
			isa = PBXSourcesBuildPhase;
			buildActionMask = 2147483647;
			files = (
			);
			runOnlyForDeploymentPostprocessing = 0;
		};
		2B44232B2E5ECDB000C593FD /* Sources */ = {
			isa = PBXSourcesBuildPhase;
			buildActionMask = 2147483647;
			files = (
			);
			runOnlyForDeploymentPostprocessing = 0;
		};
/* End PBXSourcesBuildPhase section */

/* Begin PBXTargetDependency section */
		2B4423272E5ECDB000C593FD /* PBXTargetDependency */ = {
			isa = PBXTargetDependency;
			target = 2B4423172E5ECDAE00C593FD /* AirbnbTutorial */;
			targetProxy = 2B4423262E5ECDB000C593FD /* PBXContainerItemProxy */;
		};
		2B4423312E5ECDB000C593FD /* PBXTargetDependency */ = {
			isa = PBXTargetDependency;
			target = 2B4423172E5ECDAE00C593FD /* AirbnbTutorial */;
			targetProxy = 2B4423302E5ECDB000C593FD /* PBXContainerItemProxy */;
		};
/* End PBXTargetDependency section */

/* Begin XCBuildConfiguration section */
		2B4423372E5ECDB000C593FD /* Debug */ = {
			isa = XCBuildConfiguration;
			buildSettings = {
				ALWAYS_SEARCH_USER_PATHS = NO;
				ASSETCATALOG_COMPILER_GENERATE_SWIFT_ASSET_SYMBOL_EXTENSIONS = YES;
				CLANG_ANALYZER_NONNULL = YES;
				CLANG_ANALYZER_NUMBER_OBJECT_CONVERSION = YES_AGGRESSIVE;
				CLANG_CXX_LANGUAGE_STANDARD = "gnu++20";
				CLANG_ENABLE_MODULES = YES;
				CLANG_ENABLE_OBJC_ARC = YES;
				CLANG_ENABLE_OBJC_WEAK = YES;
				CLANG_WARN_BLOCK_CAPTURE_AUTORELEASING = YES;
				CLANG_WARN_BOOL_CONVERSION = YES;
				CLANG_WARN_COMMA = YES;
				CLANG_WARN_CONSTANT_CONVERSION = YES;
				CLANG_WARN_DEPRECATED_OBJC_IMPLEMENTATIONS = YES;
				CLANG_WARN_DIRECT_OBJC_ISA_USAGE = YES_ERROR;
				CLANG_WARN_DOCUMENTATION_COMMENTS = YES;
				CLANG_WARN_EMPTY_BODY = YES;
				CLANG_WARN_ENUM_CONVERSION = YES;
				CLANG_WARN_INFINITE_RECURSION = YES;
				CLANG_WARN_INT_CONVERSION = YES;
				CLANG_WARN_NON_LITERAL_NULL_CONVERSION = YES;
				CLANG_WARN_OBJC_IMPLICIT_RETAIN_SELF = YES;
				CLANG_WARN_OBJC_LITERAL_CONVERSION = YES;
				CLANG_WARN_OBJC_ROOT_CLASS = YES_ERROR;
				CLANG_WARN_QUOTED_INCLUDE_IN_FRAMEWORK_HEADER = YES;
				CLANG_WARN_RANGE_LOOP_ANALYSIS = YES;
				CLANG_WARN_STRICT_PROTOTYPES = YES;
				CLANG_WARN_SUSPICIOUS_MOVE = YES;
				CLANG_WARN_UNGUARDED_AVAILABILITY = YES_AGGRESSIVE;
				CLANG_WARN_UNREACHABLE_CODE = YES;
				CLANG_WARN__DUPLICATE_METHOD_MATCH = YES;
				COPY_PHASE_STRIP = NO;
				DEBUG_INFORMATION_FORMAT = dwarf;
				ENABLE_STRICT_OBJC_MSGSEND = YES;
				ENABLE_TESTABILITY = YES;
				ENABLE_USER_SCRIPT_SANDBOXING = YES;
				GCC_C_LANGUAGE_STANDARD = gnu17;
				GCC_DYNAMIC_NO_PIC = NO;
				GCC_NO_COMMON_BLOCKS = YES;
				GCC_OPTIMIZATION_LEVEL = 0;
				GCC_PREPROCESSOR_DEFINITIONS = (
					"DEBUG=1",
					"$(inherited)",
				);
				GCC_WARN_64_TO_32_BIT_CONVERSION = YES;
				GCC_WARN_ABOUT_RETURN_TYPE = YES_ERROR;
				GCC_WARN_UNDECLARED_SELECTOR = YES;
				GCC_WARN_UNINITIALIZED_AUTOS = YES_AGGRESSIVE;
				GCC_WARN_UNUSED_FUNCTION = YES;
				GCC_WARN_UNUSED_VARIABLE = YES;
				IPHONEOS_DEPLOYMENT_TARGET = 18.4;
				LOCALIZATION_PREFERS_STRING_CATALOGS = YES;
				MTL_ENABLE_DEBUG_INFO = INCLUDE_SOURCE;
				MTL_FAST_MATH = YES;
				ONLY_ACTIVE_ARCH = YES;
				SDKROOT = iphoneos;
				SWIFT_ACTIVE_COMPILATION_CONDITIONS = "DEBUG $(inherited)";
				SWIFT_OPTIMIZATION_LEVEL = "-Onone";
			};
			name = Debug;
		};
		2B4423382E5ECDB000C593FD /* Release */ = {
			isa = XCBuildConfiguration;
			buildSettings = {
				ALWAYS_SEARCH_USER_PATHS = NO;
				ASSETCATALOG_COMPILER_GENERATE_SWIFT_ASSET_SYMBOL_EXTENSIONS = YES;
				CLANG_ANALYZER_NONNULL = YES;
				CLANG_ANALYZER_NUMBER_OBJECT_CONVERSION = YES_AGGRESSIVE;
				CLANG_CXX_LANGUAGE_STANDARD = "gnu++20";
				CLANG_ENABLE_MODULES = YES;
				CLANG_ENABLE_OBJC_ARC = YES;
				CLANG_ENABLE_OBJC_WEAK = YES;
				CLANG_WARN_BLOCK_CAPTURE_AUTORELEASING = YES;
				CLANG_WARN_BOOL_CONVERSION = YES;
				CLANG_WARN_COMMA = YES;
				CLANG_WARN_CONSTANT_CONVERSION = YES;
				CLANG_WARN_DEPRECATED_OBJC_IMPLEMENTATIONS = YES;
				CLANG_WARN_DIRECT_OBJC_ISA_USAGE = YES_ERROR;
				CLANG_WARN_DOCUMENTATION_COMMENTS = YES;
				CLANG_WARN_EMPTY_BODY = YES;
				CLANG_WARN_ENUM_CONVERSION = YES;
				CLANG_WARN_INFINITE_RECURSION = YES;
				CLANG_WARN_INT_CONVERSION = YES;
				CLANG_WARN_NON_LITERAL_NULL_CONVERSION = YES;
				CLANG_WARN_OBJC_IMPLICIT_RETAIN_SELF = YES;
				CLANG_WARN_OBJC_LITERAL_CONVERSION = YES;
				CLANG_WARN_OBJC_ROOT_CLASS = YES_ERROR;
				CLANG_WARN_QUOTED_INCLUDE_IN_FRAMEWORK_HEADER = YES;
				CLANG_WARN_RANGE_LOOP_ANALYSIS = YES;
				CLANG_WARN_STRICT_PROTOTYPES = YES;
				CLANG_WARN_SUSPICIOUS_MOVE = YES;
				CLANG_WARN_UNGUARDED_AVAILABILITY = YES_AGGRESSIVE;
				CLANG_WARN_UNREACHABLE_CODE = YES;
				CLANG_WARN__DUPLICATE_METHOD_MATCH = YES;
				COPY_PHASE_STRIP = NO;
				DEBUG_INFORMATION_FORMAT = "dwarf-with-dsym";
				ENABLE_NS_ASSERTIONS = NO;
				ENABLE_STRICT_OBJC_MSGSEND = YES;
				ENABLE_USER_SCRIPT_SANDBOXING = YES;
				GCC_C_LANGUAGE_STANDARD = gnu17;
				GCC_NO_COMMON_BLOCKS = YES;
				GCC_WARN_64_TO_32_BIT_CONVERSION = YES;
				GCC_WARN_ABOUT_RETURN_TYPE = YES_ERROR;
				GCC_WARN_UNDECLARED_SELECTOR = YES;
				GCC_WARN_UNINITIALIZED_AUTOS = YES_AGGRESSIVE;
				GCC_WARN_UNUSED_FUNCTION = YES;
				GCC_WARN_UNUSED_VARIABLE = YES;
				IPHONEOS_DEPLOYMENT_TARGET = 18.4;
				LOCALIZATION_PREFERS_STRING_CATALOGS = YES;
				MTL_ENABLE_DEBUG_INFO = NO;
				MTL_FAST_MATH = YES;
				SDKROOT = iphoneos;
				SWIFT_COMPILATION_MODE = wholemodule;
				VALIDATE_PRODUCT = YES;
			};
			name = Release;
		};
		2B44233A2E5ECDB000C593FD /* Debug */ = {
			isa = XCBuildConfiguration;
			buildSettings = {
				ASSETCATALOG_COMPILER_APPICON_NAME = AppIcon;
				ASSETCATALOG_COMPILER_GLOBAL_ACCENT_COLOR_NAME = AccentColor;
				CODE_SIGN_STYLE = Automatic;
				CURRENT_PROJECT_VERSION = 1;
				ENABLE_PREVIEWS = YES;
				GENERATE_INFOPLIST_FILE = YES;
				INFOPLIST_KEY_UIApplicationSceneManifest_Generation = YES;
				INFOPLIST_KEY_UIApplicationSupportsIndirectInputEvents = YES;
				INFOPLIST_KEY_UILaunchScreen_Generation = YES;
				INFOPLIST_KEY_UISupportedInterfaceOrientations_iPad = "UIInterfaceOrientationPortrait UIInterfaceOrientationPortraitUpsideDown UIInterfaceOrientationLandscapeLeft UIInterfaceOrientationLandscapeRight";
				INFOPLIST_KEY_UISupportedInterfaceOrientations_iPhone = "UIInterfaceOrientationPortrait UIInterfaceOrientationLandscapeLeft UIInterfaceOrientationLandscapeRight";
				LD_RUNPATH_SEARCH_PATHS = (
					"$(inherited)",
					"@executable_path/Frameworks",
				);
				MARKETING_VERSION = 1.0;
				PRODUCT_BUNDLE_IDENTIFIER = NIBM.AirbnbTutorial;
				PRODUCT_NAME = "$(TARGET_NAME)";
				SWIFT_EMIT_LOC_STRINGS = YES;
				SWIFT_VERSION = 5.0;
				TARGETED_DEVICE_FAMILY = "1,2";
			};
			name = Debug;
		};
		2B44233B2E5ECDB000C593FD /* Release */ = {
			isa = XCBuildConfiguration;
			buildSettings = {
				ASSETCATALOG_COMPILER_APPICON_NAME = AppIcon;
				ASSETCATALOG_COMPILER_GLOBAL_ACCENT_COLOR_NAME = AccentColor;
				CODE_SIGN_STYLE = Automatic;
				CURRENT_PROJECT_VERSION = 1;
				ENABLE_PREVIEWS = YES;
				GENERATE_INFOPLIST_FILE = YES;
				INFOPLIST_KEY_UIApplicationSceneManifest_Generation = YES;
				INFOPLIST_KEY_UIApplicationSupportsIndirectInputEvents = YES;
				INFOPLIST_KEY_UILaunchScreen_Generation = YES;
				INFOPLIST_KEY_UISupportedInterfaceOrientations_iPad = "UIInterfaceOrientationPortrait UIInterfaceOrientationPortraitUpsideDown UIInterfaceOrientationLandscapeLeft UIInterfaceOrientationLandscapeRight";
				INFOPLIST_KEY_UISupportedInterfaceOrientations_iPhone = "UIInterfaceOrientationPortrait UIInterfaceOrientationLandscapeLeft UIInterfaceOrientationLandscapeRight";
				LD_RUNPATH_SEARCH_PATHS = (
					"$(inherited)",
					"@executable_path/Frameworks",
				);
				MARKETING_VERSION = 1.0;
				PRODUCT_BUNDLE_IDENTIFIER = NIBM.AirbnbTutorial;
				PRODUCT_NAME = "$(TARGET_NAME)";
				SWIFT_EMIT_LOC_STRINGS = YES;
				SWIFT_VERSION = 5.0;
				TARGETED_DEVICE_FAMILY = "1,2";
			};
			name = Release;
		};
		2B44233D2E5ECDB000C593FD /* Debug */ = {
			isa = XCBuildConfiguration;
			buildSettings = {
				BUNDLE_LOADER = "$(TEST_HOST)";
				CODE_SIGN_STYLE = Automatic;
				CURRENT_PROJECT_VERSION = 1;
				GENERATE_INFOPLIST_FILE = YES;
				IPHONEOS_DEPLOYMENT_TARGET = 18.4;
				MARKETING_VERSION = 1.0;
				PRODUCT_BUNDLE_IDENTIFIER = NIBM.AirbnbTutorialTests;
				PRODUCT_NAME = "$(TARGET_NAME)";
				SWIFT_EMIT_LOC_STRINGS = NO;
				SWIFT_VERSION = 5.0;
				TARGETED_DEVICE_FAMILY = "1,2";
				TEST_HOST = "$(BUILT_PRODUCTS_DIR)/AirbnbTutorial.app/$(BUNDLE_EXECUTABLE_FOLDER_PATH)/AirbnbTutorial";
			};
			name = Debug;
		};
		2B44233E2E5ECDB000C593FD /* Release */ = {
			isa = XCBuildConfiguration;
			buildSettings = {
				BUNDLE_LOADER = "$(TEST_HOST)";
				CODE_SIGN_STYLE = Automatic;
				CURRENT_PROJECT_VERSION = 1;
				GENERATE_INFOPLIST_FILE = YES;
				IPHONEOS_DEPLOYMENT_TARGET = 18.4;
				MARKETING_VERSION = 1.0;
				PRODUCT_BUNDLE_IDENTIFIER = NIBM.AirbnbTutorialTests;
				PRODUCT_NAME = "$(TARGET_NAME)";
				SWIFT_EMIT_LOC_STRINGS = NO;
				SWIFT_VERSION = 5.0;
				TARGETED_DEVICE_FAMILY = "1,2";
				TEST_HOST = "$(BUILT_PRODUCTS_DIR)/AirbnbTutorial.app/$(BUNDLE_EXECUTABLE_FOLDER_PATH)/AirbnbTutorial";
			};
			name = Release;
		};
		2B4423402E5ECDB000C593FD /* Debug */ = {
			isa = XCBuildConfiguration;
			buildSettings = {
				CODE_SIGN_STYLE = Automatic;
				CURRENT_PROJECT_VERSION = 1;
				GENERATE_INFOPLIST_FILE = YES;
				MARKETING_VERSION = 1.0;
				PRODUCT_BUNDLE_IDENTIFIER = NIBM.AirbnbTutorialUITests;
				PRODUCT_NAME = "$(TARGET_NAME)";
				SWIFT_EMIT_LOC_STRINGS = NO;
				SWIFT_VERSION = 5.0;
				TARGETED_DEVICE_FAMILY = "1,2";
				TEST_TARGET_NAME = AirbnbTutorial;
			};
			name = Debug;
		};
		2B4423412E5ECDB000C593FD /* Release */ = {
			isa = XCBuildConfiguration;
			buildSettings = {
				CODE_SIGN_STYLE = Automatic;
				CURRENT_PROJECT_VERSION = 1;
				GENERATE_INFOPLIST_FILE = YES;
				MARKETING_VERSION = 1.0;
				PRODUCT_BUNDLE_IDENTIFIER = NIBM.AirbnbTutorialUITests;
				PRODUCT_NAME = "$(TARGET_NAME)";
				SWIFT_EMIT_LOC_STRINGS = NO;
				SWIFT_VERSION = 5.0;
				TARGETED_DEVICE_FAMILY = "1,2";
				TEST_TARGET_NAME = AirbnbTutorial;
			};
			name = Release;
		};
/* End XCBuildConfiguration section */

/* Begin XCConfigurationList section */
		2B4423132E5ECDAE00C593FD /* Build configuration list for PBXProject "AirbnbTutorial" */ = {
			isa = XCConfigurationList;
			buildConfigurations = (
				2B4423372E5ECDB000C593FD /* Debug */,
				2B4423382E5ECDB000C593FD /* Release */,
			);
			defaultConfigurationIsVisible = 0;
			defaultConfigurationName = Release;
		};
		2B4423392E5ECDB000C593FD /* Build configuration list for PBXNativeTarget "AirbnbTutorial" */ = {
			isa = XCConfigurationList;
			buildConfigurations = (
				2B44233A2E5ECDB000C593FD /* Debug */,
				2B44233B2E5ECDB000C593FD /* Release */,
			);
			defaultConfigurationIsVisible = 0;
			defaultConfigurationName = Release;
		};
		2B44233C2E5ECDB000C593FD /* Build configuration list for PBXNativeTarget "AirbnbTutorialTests" */ = {
			isa = XCConfigurationList;
			buildConfigurations = (
				2B44233D2E5ECDB000C593FD /* Debug */,
				2B44233E2E5ECDB000C593FD /* Release */,
			);
			defaultConfigurationIsVisible = 0;
			defaultConfigurationName = Release;
		};
		2B44233F2E5ECDB000C593FD /* Build configuration list for PBXNativeTarget "AirbnbTutorialUITests" */ = {
			isa = XCConfigurationList;
			buildConfigurations = (
				2B4423402E5ECDB000C593FD /* Debug */,
				2B4423412E5ECDB000C593FD /* Release */,
			);
			defaultConfigurationIsVisible = 0;
			defaultConfigurationName = Release;
		};
/* End XCConfigurationList section */
	};
	rootObject = 2B4423102E5ECDAE00C593FD /* Project object */;
}
